// !$*UTF8*$!
{
	archiveVersion = 1;
	classes = {
	};
	objectVersion = 50;
	objects = {

/* Begin PBXBuildFile section */
		D04504C026BAFB01004150EC /* Tests_iOS.swift in Sources */ = {isa = PBXBuildFile; fileRef = D04504BF26BAFB01004150EC /* Tests_iOS.swift */; };
		D04504CB26BAFB01004150EC /* Tests_macOS.swift in Sources */ = {isa = PBXBuildFile; fileRef = D04504CA26BAFB01004150EC /* Tests_macOS.swift */; };
		D04504CD26BAFB01004150EC /* PurePastryApp.swift in Sources */ = {isa = PBXBuildFile; fileRef = D04504A426BAFAFF004150EC /* PurePastryApp.swift */; };
		D04504CE26BAFB01004150EC /* PurePastryApp.swift in Sources */ = {isa = PBXBuildFile; fileRef = D04504A426BAFAFF004150EC /* PurePastryApp.swift */; };
		D04504CF26BAFB01004150EC /* Content.swift in Sources */ = {isa = PBXBuildFile; fileRef = D04504A526BAFAFF004150EC /* Content.swift */; };
		D04504D026BAFB01004150EC /* Content.swift in Sources */ = {isa = PBXBuildFile; fileRef = D04504A526BAFAFF004150EC /* Content.swift */; };
		D04504D126BAFB01004150EC /* Assets.xcassets in Resources */ = {isa = PBXBuildFile; fileRef = D04504A626BAFB01004150EC /* Assets.xcassets */; };
		D04504D226BAFB01004150EC /* Assets.xcassets in Resources */ = {isa = PBXBuildFile; fileRef = D04504A626BAFB01004150EC /* Assets.xcassets */; };
		D04504E226CDB6BF004150EC /* Onboarding.swift in Sources */ = {isa = PBXBuildFile; fileRef = D04504E126CDB6BF004150EC /* Onboarding.swift */; };
		D04504E326CDB6BF004150EC /* Onboarding.swift in Sources */ = {isa = PBXBuildFile; fileRef = D04504E126CDB6BF004150EC /* Onboarding.swift */; };
		D0A445AB26D2C31A00E3B2EE /* Skriik! Electro-mechanical machine.ttf in Resources */ = {isa = PBXBuildFile; fileRef = D0A445AA26D2C31A00E3B2EE /* Skriik! Electro-mechanical machine.ttf */; };
		D0A445AC26D2C31A00E3B2EE /* Skriik! Electro-mechanical machine.ttf in Resources */ = {isa = PBXBuildFile; fileRef = D0A445AA26D2C31A00E3B2EE /* Skriik! Electro-mechanical machine.ttf */; };
		D0A445AE26D2C61900E3B2EE /* Metropolis-Bold.otf in Resources */ = {isa = PBXBuildFile; fileRef = D0A445AD26D2C61900E3B2EE /* Metropolis-Bold.otf */; };
		D0A445AF26D2C61900E3B2EE /* Metropolis-Bold.otf in Resources */ = {isa = PBXBuildFile; fileRef = D0A445AD26D2C61900E3B2EE /* Metropolis-Bold.otf */; };
		D0A445B126D2C62C00E3B2EE /* Metropolis-Medium.otf in Resources */ = {isa = PBXBuildFile; fileRef = D0A445B026D2C62C00E3B2EE /* Metropolis-Medium.otf */; };
		D0A445B226D2C62C00E3B2EE /* Metropolis-Medium.otf in Resources */ = {isa = PBXBuildFile; fileRef = D0A445B026D2C62C00E3B2EE /* Metropolis-Medium.otf */; };
		D0A445BA26D418EA00E3B2EE /* HomeView.swift in Sources */ = {isa = PBXBuildFile; fileRef = D0A445B926D418EA00E3B2EE /* HomeView.swift */; };
		D0A445BB26D418EA00E3B2EE /* HomeView.swift in Sources */ = {isa = PBXBuildFile; fileRef = D0A445B926D418EA00E3B2EE /* HomeView.swift */; };
		D0A445BD26D41ADD00E3B2EE /* AboutView.swift in Sources */ = {isa = PBXBuildFile; fileRef = D0A445BC26D41ADD00E3B2EE /* AboutView.swift */; };
		D0A445BE26D41ADD00E3B2EE /* AboutView.swift in Sources */ = {isa = PBXBuildFile; fileRef = D0A445BC26D41ADD00E3B2EE /* AboutView.swift */; };
		D0A445C026E1586100E3B2EE /* MapView.swift in Sources */ = {isa = PBXBuildFile; fileRef = D0A445BF26E1586100E3B2EE /* MapView.swift */; };
		D0A445C126E1586100E3B2EE /* MapView.swift in Sources */ = {isa = PBXBuildFile; fileRef = D0A445BF26E1586100E3B2EE /* MapView.swift */; };
/* End PBXBuildFile section */

/* Begin PBXContainerItemProxy section */
		D04504BC26BAFB01004150EC /* PBXContainerItemProxy */ = {
			isa = PBXContainerItemProxy;
			containerPortal = D045049F26BAFAFF004150EC /* Project object */;
			proxyType = 1;
			remoteGlobalIDString = D04504AA26BAFB01004150EC;
			remoteInfo = "PurePastry (iOS)";
		};
		D04504C726BAFB01004150EC /* PBXContainerItemProxy */ = {
			isa = PBXContainerItemProxy;
			containerPortal = D045049F26BAFAFF004150EC /* Project object */;
			proxyType = 1;
			remoteGlobalIDString = D04504B226BAFB01004150EC;
			remoteInfo = "PurePastry (macOS)";
		};
/* End PBXContainerItemProxy section */

/* Begin PBXFileReference section */
		D04504A426BAFAFF004150EC /* PurePastryApp.swift */ = {isa = PBXFileReference; lastKnownFileType = sourcecode.swift; path = PurePastryApp.swift; sourceTree = "<group>"; };
		D04504A526BAFAFF004150EC /* Content.swift */ = {isa = PBXFileReference; lastKnownFileType = sourcecode.swift; path = Content.swift; sourceTree = "<group>"; };
		D04504A626BAFB01004150EC /* Assets.xcassets */ = {isa = PBXFileReference; lastKnownFileType = folder.assetcatalog; path = Assets.xcassets; sourceTree = "<group>"; };
		D04504AB26BAFB01004150EC /* PurePastry.app */ = {isa = PBXFileReference; explicitFileType = wrapper.application; includeInIndex = 0; path = PurePastry.app; sourceTree = BUILT_PRODUCTS_DIR; };
		D04504AE26BAFB01004150EC /* Info.plist */ = {isa = PBXFileReference; lastKnownFileType = text.plist.xml; path = Info.plist; sourceTree = "<group>"; };
		D04504B326BAFB01004150EC /* PurePastry.app */ = {isa = PBXFileReference; explicitFileType = wrapper.application; includeInIndex = 0; path = PurePastry.app; sourceTree = BUILT_PRODUCTS_DIR; };
		D04504B526BAFB01004150EC /* Info.plist */ = {isa = PBXFileReference; lastKnownFileType = text.plist.xml; path = Info.plist; sourceTree = "<group>"; };
		D04504B626BAFB01004150EC /* macOS.entitlements */ = {isa = PBXFileReference; lastKnownFileType = text.plist.entitlements; path = macOS.entitlements; sourceTree = "<group>"; };
		D04504BB26BAFB01004150EC /* Tests iOS.xctest */ = {isa = PBXFileReference; explicitFileType = wrapper.cfbundle; includeInIndex = 0; path = "Tests iOS.xctest"; sourceTree = BUILT_PRODUCTS_DIR; };
		D04504BF26BAFB01004150EC /* Tests_iOS.swift */ = {isa = PBXFileReference; lastKnownFileType = sourcecode.swift; path = Tests_iOS.swift; sourceTree = "<group>"; };
		D04504C126BAFB01004150EC /* Info.plist */ = {isa = PBXFileReference; lastKnownFileType = text.plist.xml; path = Info.plist; sourceTree = "<group>"; };
		D04504C626BAFB01004150EC /* Tests macOS.xctest */ = {isa = PBXFileReference; explicitFileType = wrapper.cfbundle; includeInIndex = 0; path = "Tests macOS.xctest"; sourceTree = BUILT_PRODUCTS_DIR; };
		D04504CA26BAFB01004150EC /* Tests_macOS.swift */ = {isa = PBXFileReference; lastKnownFileType = sourcecode.swift; path = Tests_macOS.swift; sourceTree = "<group>"; };
		D04504CC26BAFB01004150EC /* Info.plist */ = {isa = PBXFileReference; lastKnownFileType = text.plist.xml; path = Info.plist; sourceTree = "<group>"; };
		D04504E126CDB6BF004150EC /* Onboarding.swift */ = {isa = PBXFileReference; lastKnownFileType = sourcecode.swift; path = Onboarding.swift; sourceTree = "<group>"; };
		D0A445AA26D2C31A00E3B2EE /* Skriik! Electro-mechanical machine.ttf */ = {isa = PBXFileReference; lastKnownFileType = file; name = "Skriik! Electro-mechanical machine.ttf"; path = "../../skriik_electro_mechanical_machine/Skriik! Electro-mechanical machine.ttf"; sourceTree = "<group>"; };
		D0A445AD26D2C61900E3B2EE /* Metropolis-Bold.otf */ = {isa = PBXFileReference; lastKnownFileType = file; name = "Metropolis-Bold.otf"; path = "../../Metropolis Font family/Metropolis-Bold.otf"; sourceTree = "<group>"; };
		D0A445B026D2C62C00E3B2EE /* Metropolis-Medium.otf */ = {isa = PBXFileReference; lastKnownFileType = file; name = "Metropolis-Medium.otf"; path = "../../Metropolis Font family/Metropolis-Medium.otf"; sourceTree = "<group>"; };
		D0A445B926D418EA00E3B2EE /* HomeView.swift */ = {isa = PBXFileReference; lastKnownFileType = sourcecode.swift; path = HomeView.swift; sourceTree = "<group>"; };
		D0A445BC26D41ADD00E3B2EE /* AboutView.swift */ = {isa = PBXFileReference; lastKnownFileType = sourcecode.swift; path = AboutView.swift; sourceTree = "<group>"; };
		D0A445BF26E1586100E3B2EE /* MapView.swift */ = {isa = PBXFileReference; lastKnownFileType = sourcecode.swift; path = MapView.swift; sourceTree = "<group>"; };
/* End PBXFileReference section */

/* Begin PBXFrameworksBuildPhase section */
		D04504A826BAFB01004150EC /* Frameworks */ = {
			isa = PBXFrameworksBuildPhase;
			buildActionMask = 2147483647;
			files = (
			);
			runOnlyForDeploymentPostprocessing = 0;
		};
		D04504B026BAFB01004150EC /* Frameworks */ = {
			isa = PBXFrameworksBuildPhase;
			buildActionMask = 2147483647;
			files = (
			);
			runOnlyForDeploymentPostprocessing = 0;
		};
		D04504B826BAFB01004150EC /* Frameworks */ = {
			isa = PBXFrameworksBuildPhase;
			buildActionMask = 2147483647;
			files = (
			);
			runOnlyForDeploymentPostprocessing = 0;
		};
		D04504C326BAFB01004150EC /* Frameworks */ = {
			isa = PBXFrameworksBuildPhase;
			buildActionMask = 2147483647;
			files = (
			);
			runOnlyForDeploymentPostprocessing = 0;
		};
/* End PBXFrameworksBuildPhase section */

/* Begin PBXGroup section */
		D045049E26BAFAFF004150EC = {
			isa = PBXGroup;
			children = (
				D04504A326BAFAFF004150EC /* Shared */,
				D04504AD26BAFB01004150EC /* iOS */,
				D04504B426BAFB01004150EC /* macOS */,
				D04504BE26BAFB01004150EC /* Tests iOS */,
				D04504C926BAFB01004150EC /* Tests macOS */,
				D04504AC26BAFB01004150EC /* Products */,
			);
			sourceTree = "<group>";
		};
		D04504A326BAFAFF004150EC /* Shared */ = {
			isa = PBXGroup;
			children = (
				D04504A426BAFAFF004150EC /* PurePastryApp.swift */,
				D04504A526BAFAFF004150EC /* Content.swift */,
				D0A445B926D418EA00E3B2EE /* HomeView.swift */,
				D04504A626BAFB01004150EC /* Assets.xcassets */,
				D0A445BC26D41ADD00E3B2EE /* AboutView.swift */,
				D04504E126CDB6BF004150EC /* Onboarding.swift */,
				D0A445AA26D2C31A00E3B2EE /* Skriik! Electro-mechanical machine.ttf */,
				D0A445AD26D2C61900E3B2EE /* Metropolis-Bold.otf */,
				D0A445B026D2C62C00E3B2EE /* Metropolis-Medium.otf */,
				D0A445BF26E1586100E3B2EE /* MapView.swift */,
			);
			path = Shared;
			sourceTree = "<group>";
		};
		D04504AC26BAFB01004150EC /* Products */ = {
			isa = PBXGroup;
			children = (
				D04504AB26BAFB01004150EC /* PurePastry.app */,
				D04504B326BAFB01004150EC /* PurePastry.app */,
				D04504BB26BAFB01004150EC /* Tests iOS.xctest */,
				D04504C626BAFB01004150EC /* Tests macOS.xctest */,
			);
			name = Products;
			sourceTree = "<group>";
		};
		D04504AD26BAFB01004150EC /* iOS */ = {
			isa = PBXGroup;
			children = (
				D04504AE26BAFB01004150EC /* Info.plist */,
			);
			path = iOS;
			sourceTree = "<group>";
		};
		D04504B426BAFB01004150EC /* macOS */ = {
			isa = PBXGroup;
			children = (
				D04504B526BAFB01004150EC /* Info.plist */,
				D04504B626BAFB01004150EC /* macOS.entitlements */,
			);
			path = macOS;
			sourceTree = "<group>";
		};
		D04504BE26BAFB01004150EC /* Tests iOS */ = {
			isa = PBXGroup;
			children = (
				D04504BF26BAFB01004150EC /* Tests_iOS.swift */,
				D04504C126BAFB01004150EC /* Info.plist */,
			);
			path = "Tests iOS";
			sourceTree = "<group>";
		};
		D04504C926BAFB01004150EC /* Tests macOS */ = {
			isa = PBXGroup;
			children = (
				D04504CA26BAFB01004150EC /* Tests_macOS.swift */,
				D04504CC26BAFB01004150EC /* Info.plist */,
			);
			path = "Tests macOS";
			sourceTree = "<group>";
		};
/* End PBXGroup section */

/* Begin PBXNativeTarget section */
		D04504AA26BAFB01004150EC /* PurePastry (iOS) */ = {
			isa = PBXNativeTarget;
			buildConfigurationList = D04504D526BAFB01004150EC /* Build configuration list for PBXNativeTarget "PurePastry (iOS)" */;
			buildPhases = (
				D04504A726BAFB01004150EC /* Sources */,
				D04504A826BAFB01004150EC /* Frameworks */,
				D04504A926BAFB01004150EC /* Resources */,
			);
			buildRules = (
			);
			dependencies = (
			);
			name = "PurePastry (iOS)";
			productName = "PurePastry (iOS)";
			productReference = D04504AB26BAFB01004150EC /* PurePastry.app */;
			productType = "com.apple.product-type.application";
		};
		D04504B226BAFB01004150EC /* PurePastry (macOS) */ = {
			isa = PBXNativeTarget;
			buildConfigurationList = D04504D826BAFB01004150EC /* Build configuration list for PBXNativeTarget "PurePastry (macOS)" */;
			buildPhases = (
				D04504AF26BAFB01004150EC /* Sources */,
				D04504B026BAFB01004150EC /* Frameworks */,
				D04504B126BAFB01004150EC /* Resources */,
			);
			buildRules = (
			);
			dependencies = (
			);
			name = "PurePastry (macOS)";
			productName = "PurePastry (macOS)";
			productReference = D04504B326BAFB01004150EC /* PurePastry.app */;
			productType = "com.apple.product-type.application";
		};
		D04504BA26BAFB01004150EC /* Tests iOS */ = {
			isa = PBXNativeTarget;
			buildConfigurationList = D04504DB26BAFB01004150EC /* Build configuration list for PBXNativeTarget "Tests iOS" */;
			buildPhases = (
				D04504B726BAFB01004150EC /* Sources */,
				D04504B826BAFB01004150EC /* Frameworks */,
				D04504B926BAFB01004150EC /* Resources */,
			);
			buildRules = (
			);
			dependencies = (
				D04504BD26BAFB01004150EC /* PBXTargetDependency */,
			);
			name = "Tests iOS";
			productName = "Tests iOS";
			productReference = D04504BB26BAFB01004150EC /* Tests iOS.xctest */;
			productType = "com.apple.product-type.bundle.ui-testing";
		};
		D04504C526BAFB01004150EC /* Tests macOS */ = {
			isa = PBXNativeTarget;
			buildConfigurationList = D04504DE26BAFB01004150EC /* Build configuration list for PBXNativeTarget "Tests macOS" */;
			buildPhases = (
				D04504C226BAFB01004150EC /* Sources */,
				D04504C326BAFB01004150EC /* Frameworks */,
				D04504C426BAFB01004150EC /* Resources */,
			);
			buildRules = (
			);
			dependencies = (
				D04504C826BAFB01004150EC /* PBXTargetDependency */,
			);
			name = "Tests macOS";
			productName = "Tests macOS";
			productReference = D04504C626BAFB01004150EC /* Tests macOS.xctest */;
			productType = "com.apple.product-type.bundle.ui-testing";
		};
/* End PBXNativeTarget section */

/* Begin PBXProject section */
		D045049F26BAFAFF004150EC /* Project object */ = {
			isa = PBXProject;
			attributes = {
				LastSwiftUpdateCheck = 1250;
				LastUpgradeCheck = 1250;
				TargetAttributes = {
					D04504AA26BAFB01004150EC = {
						CreatedOnToolsVersion = 12.5.1;
					};
					D04504B226BAFB01004150EC = {
						CreatedOnToolsVersion = 12.5.1;
					};
					D04504BA26BAFB01004150EC = {
						CreatedOnToolsVersion = 12.5.1;
						TestTargetID = D04504AA26BAFB01004150EC;
					};
					D04504C526BAFB01004150EC = {
						CreatedOnToolsVersion = 12.5.1;
						TestTargetID = D04504B226BAFB01004150EC;
					};
				};
			};
			buildConfigurationList = D04504A226BAFAFF004150EC /* Build configuration list for PBXProject "PurePastry" */;
			compatibilityVersion = "Xcode 9.3";
			developmentRegion = en;
			hasScannedForEncodings = 0;
			knownRegions = (
				en,
				Base,
			);
			mainGroup = D045049E26BAFAFF004150EC;
			productRefGroup = D04504AC26BAFB01004150EC /* Products */;
			projectDirPath = "";
			projectRoot = "";
			targets = (
				D04504AA26BAFB01004150EC /* PurePastry (iOS) */,
				D04504B226BAFB01004150EC /* PurePastry (macOS) */,
				D04504BA26BAFB01004150EC /* Tests iOS */,
				D04504C526BAFB01004150EC /* Tests macOS */,
			);
		};
/* End PBXProject section */

/* Begin PBXResourcesBuildPhase section */
		D04504A926BAFB01004150EC /* Resources */ = {
			isa = PBXResourcesBuildPhase;
			buildActionMask = 2147483647;
			files = (
				D0A445B126D2C62C00E3B2EE /* Metropolis-Medium.otf in Resources */,
				D04504D126BAFB01004150EC /* Assets.xcassets in Resources */,
				D0A445AB26D2C31A00E3B2EE /* Skriik! Electro-mechanical machine.ttf in Resources */,
				D0A445AE26D2C61900E3B2EE /* Metropolis-Bold.otf in Resources */,
			);
			runOnlyForDeploymentPostprocessing = 0;
		};
		D04504B126BAFB01004150EC /* Resources */ = {
			isa = PBXResourcesBuildPhase;
			buildActionMask = 2147483647;
			files = (
				D0A445B226D2C62C00E3B2EE /* Metropolis-Medium.otf in Resources */,
				D04504D226BAFB01004150EC /* Assets.xcassets in Resources */,
				D0A445AC26D2C31A00E3B2EE /* Skriik! Electro-mechanical machine.ttf in Resources */,
				D0A445AF26D2C61900E3B2EE /* Metropolis-Bold.otf in Resources */,
			);
			runOnlyForDeploymentPostprocessing = 0;
		};
		D04504B926BAFB01004150EC /* Resources */ = {
			isa = PBXResourcesBuildPhase;
			buildActionMask = 2147483647;
			files = (
			);
			runOnlyForDeploymentPostprocessing = 0;
		};
		D04504C426BAFB01004150EC /* Resources */ = {
			isa = PBXResourcesBuildPhase;
			buildActionMask = 2147483647;
			files = (
			);
			runOnlyForDeploymentPostprocessing = 0;
		};
/* End PBXResourcesBuildPhase section */

/* Begin PBXSourcesBuildPhase section */
		D04504A726BAFB01004150EC /* Sources */ = {
			isa = PBXSourcesBuildPhase;
			buildActionMask = 2147483647;
			files = (
				D04504E226CDB6BF004150EC /* Onboarding.swift in Sources */,
				D0A445C026E1586100E3B2EE /* MapView.swift in Sources */,
				D0A445BA26D418EA00E3B2EE /* HomeView.swift in Sources */,
				D04504CF26BAFB01004150EC /* Content.swift in Sources */,
				D04504CD26BAFB01004150EC /* PurePastryApp.swift in Sources */,
				D0A445BD26D41ADD00E3B2EE /* AboutView.swift in Sources */,
			);
			runOnlyForDeploymentPostprocessing = 0;
		};
		D04504AF26BAFB01004150EC /* Sources */ = {
			isa = PBXSourcesBuildPhase;
			buildActionMask = 2147483647;
			files = (
				D04504E326CDB6BF004150EC /* Onboarding.swift in Sources */,
				D0A445C126E1586100E3B2EE /* MapView.swift in Sources */,
				D0A445BB26D418EA00E3B2EE /* HomeView.swift in Sources */,
				D04504D026BAFB01004150EC /* Content.swift in Sources */,
				D04504CE26BAFB01004150EC /* PurePastryApp.swift in Sources */,
				D0A445BE26D41ADD00E3B2EE /* AboutView.swift in Sources */,
			);
			runOnlyForDeploymentPostprocessing = 0;
		};
		D04504B726BAFB01004150EC /* Sources */ = {
			isa = PBXSourcesBuildPhase;
			buildActionMask = 2147483647;
			files = (
				D04504C026BAFB01004150EC /* Tests_iOS.swift in Sources */,
			);
			runOnlyForDeploymentPostprocessing = 0;
		};
		D04504C226BAFB01004150EC /* Sources */ = {
			isa = PBXSourcesBuildPhase;
			buildActionMask = 2147483647;
			files = (
				D04504CB26BAFB01004150EC /* Tests_macOS.swift in Sources */,
			);
			runOnlyForDeploymentPostprocessing = 0;
		};
/* End PBXSourcesBuildPhase section */

/* Begin PBXTargetDependency section */
		D04504BD26BAFB01004150EC /* PBXTargetDependency */ = {
			isa = PBXTargetDependency;
			target = D04504AA26BAFB01004150EC /* PurePastry (iOS) */;
			targetProxy = D04504BC26BAFB01004150EC /* PBXContainerItemProxy */;
		};
		D04504C826BAFB01004150EC /* PBXTargetDependency */ = {
			isa = PBXTargetDependency;
			target = D04504B226BAFB01004150EC /* PurePastry (macOS) */;
			targetProxy = D04504C726BAFB01004150EC /* PBXContainerItemProxy */;
		};
/* End PBXTargetDependency section */

/* Begin XCBuildConfiguration section */
		D04504D326BAFB01004150EC /* Debug */ = {
			isa = XCBuildConfiguration;
			buildSettings = {
				ALWAYS_SEARCH_USER_PATHS = NO;
				CLANG_ANALYZER_NONNULL = YES;
				CLANG_ANALYZER_NUMBER_OBJECT_CONVERSION = YES_AGGRESSIVE;
				CLANG_CXX_LANGUAGE_STANDARD = "gnu++14";
				CLANG_CXX_LIBRARY = "libc++";
				CLANG_ENABLE_MODULES = YES;
				CLANG_ENABLE_OBJC_ARC = YES;
				CLANG_ENABLE_OBJC_WEAK = YES;
				CLANG_WARN_BLOCK_CAPTURE_AUTORELEASING = YES;
				CLANG_WARN_BOOL_CONVERSION = YES;
				CLANG_WARN_COMMA = YES;
				CLANG_WARN_CONSTANT_CONVERSION = YES;
				CLANG_WARN_DEPRECATED_OBJC_IMPLEMENTATIONS = YES;
				CLANG_WARN_DIRECT_OBJC_ISA_USAGE = YES_ERROR;
				CLANG_WARN_DOCUMENTATION_COMMENTS = YES;
				CLANG_WARN_EMPTY_BODY = YES;
				CLANG_WARN_ENUM_CONVERSION = YES;
				CLANG_WARN_INFINITE_RECURSION = YES;
				CLANG_WARN_INT_CONVERSION = YES;
				CLANG_WARN_NON_LITERAL_NULL_CONVERSION = YES;
				CLANG_WARN_OBJC_IMPLICIT_RETAIN_SELF = YES;
				CLANG_WARN_OBJC_LITERAL_CONVERSION = YES;
				CLANG_WARN_OBJC_ROOT_CLASS = YES_ERROR;
				CLANG_WARN_QUOTED_INCLUDE_IN_FRAMEWORK_HEADER = YES;
				CLANG_WARN_RANGE_LOOP_ANALYSIS = YES;
				CLANG_WARN_STRICT_PROTOTYPES = YES;
				CLANG_WARN_SUSPICIOUS_MOVE = YES;
				CLANG_WARN_UNGUARDED_AVAILABILITY = YES_AGGRESSIVE;
				CLANG_WARN_UNREACHABLE_CODE = YES;
				CLANG_WARN__DUPLICATE_METHOD_MATCH = YES;
				COPY_PHASE_STRIP = NO;
				DEBUG_INFORMATION_FORMAT = dwarf;
				ENABLE_STRICT_OBJC_MSGSEND = YES;
				ENABLE_TESTABILITY = YES;
				GCC_C_LANGUAGE_STANDARD = gnu11;
				GCC_DYNAMIC_NO_PIC = NO;
				GCC_NO_COMMON_BLOCKS = YES;
				GCC_OPTIMIZATION_LEVEL = 0;
				GCC_PREPROCESSOR_DEFINITIONS = (
					"DEBUG=1",
					"$(inherited)",
				);
				GCC_WARN_64_TO_32_BIT_CONVERSION = YES;
				GCC_WARN_ABOUT_RETURN_TYPE = YES_ERROR;
				GCC_WARN_UNDECLARED_SELECTOR = YES;
				GCC_WARN_UNINITIALIZED_AUTOS = YES_AGGRESSIVE;
				GCC_WARN_UNUSED_FUNCTION = YES;
				GCC_WARN_UNUSED_VARIABLE = YES;
				MTL_ENABLE_DEBUG_INFO = INCLUDE_SOURCE;
				MTL_FAST_MATH = YES;
				ONLY_ACTIVE_ARCH = YES;
				SWIFT_ACTIVE_COMPILATION_CONDITIONS = DEBUG;
				SWIFT_OPTIMIZATION_LEVEL = "-Onone";
			};
			name = Debug;
		};
		D04504D426BAFB01004150EC /* Release */ = {
			isa = XCBuildConfiguration;
			buildSettings = {
				ALWAYS_SEARCH_USER_PATHS = NO;
				CLANG_ANALYZER_NONNULL = YES;
				CLANG_ANALYZER_NUMBER_OBJECT_CONVERSION = YES_AGGRESSIVE;
				CLANG_CXX_LANGUAGE_STANDARD = "gnu++14";
				CLANG_CXX_LIBRARY = "libc++";
				CLANG_ENABLE_MODULES = YES;
				CLANG_ENABLE_OBJC_ARC = YES;
				CLANG_ENABLE_OBJC_WEAK = YES;
				CLANG_WARN_BLOCK_CAPTURE_AUTORELEASING = YES;
				CLANG_WARN_BOOL_CONVERSION = YES;
				CLANG_WARN_COMMA = YES;
				CLANG_WARN_CONSTANT_CONVERSION = YES;
				CLANG_WARN_DEPRECATED_OBJC_IMPLEMENTATIONS = YES;
				CLANG_WARN_DIRECT_OBJC_ISA_USAGE = YES_ERROR;
				CLANG_WARN_DOCUMENTATION_COMMENTS = YES;
				CLANG_WARN_EMPTY_BODY = YES;
				CLANG_WARN_ENUM_CONVERSION = YES;
				CLANG_WARN_INFINITE_RECURSION = YES;
				CLANG_WARN_INT_CONVERSION = YES;
				CLANG_WARN_NON_LITERAL_NULL_CONVERSION = YES;
				CLANG_WARN_OBJC_IMPLICIT_RETAIN_SELF = YES;
				CLANG_WARN_OBJC_LITERAL_CONVERSION = YES;
				CLANG_WARN_OBJC_ROOT_CLASS = YES_ERROR;
				CLANG_WARN_QUOTED_INCLUDE_IN_FRAMEWORK_HEADER = YES;
				CLANG_WARN_RANGE_LOOP_ANALYSIS = YES;
				CLANG_WARN_STRICT_PROTOTYPES = YES;
				CLANG_WARN_SUSPICIOUS_MOVE = YES;
				CLANG_WARN_UNGUARDED_AVAILABILITY = YES_AGGRESSIVE;
				CLANG_WARN_UNREACHABLE_CODE = YES;
				CLANG_WARN__DUPLICATE_METHOD_MATCH = YES;
				COPY_PHASE_STRIP = NO;
				DEBUG_INFORMATION_FORMAT = "dwarf-with-dsym";
				ENABLE_NS_ASSERTIONS = NO;
				ENABLE_STRICT_OBJC_MSGSEND = YES;
				GCC_C_LANGUAGE_STANDARD = gnu11;
				GCC_NO_COMMON_BLOCKS = YES;
				GCC_WARN_64_TO_32_BIT_CONVERSION = YES;
				GCC_WARN_ABOUT_RETURN_TYPE = YES_ERROR;
				GCC_WARN_UNDECLARED_SELECTOR = YES;
				GCC_WARN_UNINITIALIZED_AUTOS = YES_AGGRESSIVE;
				GCC_WARN_UNUSED_FUNCTION = YES;
				GCC_WARN_UNUSED_VARIABLE = YES;
				MTL_ENABLE_DEBUG_INFO = NO;
				MTL_FAST_MATH = YES;
				SWIFT_COMPILATION_MODE = wholemodule;
				SWIFT_OPTIMIZATION_LEVEL = "-O";
			};
			name = Release;
		};
		D04504D626BAFB01004150EC /* Debug */ = {
			isa = XCBuildConfiguration;
			buildSettings = {
				ASSETCATALOG_COMPILER_APPICON_NAME = AppIcon;
				ASSETCATALOG_COMPILER_GLOBAL_ACCENT_COLOR_NAME = AccentColor;
				CODE_SIGN_STYLE = Automatic;
				DEVELOPMENT_TEAM = L237997WPY;
				ENABLE_PREVIEWS = YES;
				INFOPLIST_FILE = iOS/Info.plist;
				IPHONEOS_DEPLOYMENT_TARGET = 14.0;
				LD_RUNPATH_SEARCH_PATHS = (
					"$(inherited)",
					"@executable_path/Frameworks",
				);
				PRODUCT_BUNDLE_IDENTIFIER = nellecode.PurePastry;
				PRODUCT_NAME = PurePastry;
				SDKROOT = iphoneos;
				SWIFT_VERSION = 5.0;
				TARGETED_DEVICE_FAMILY = "1,2";
			};
			name = Debug;
		};
		D04504D726BAFB01004150EC /* Release */ = {
			isa = XCBuildConfiguration;
			buildSettings = {
				ASSETCATALOG_COMPILER_APPICON_NAME = AppIcon;
				ASSETCATALOG_COMPILER_GLOBAL_ACCENT_COLOR_NAME = AccentColor;
				CODE_SIGN_STYLE = Automatic;
				DEVELOPMENT_TEAM = L237997WPY;
				ENABLE_PREVIEWS = YES;
				INFOPLIST_FILE = iOS/Info.plist;
				IPHONEOS_DEPLOYMENT_TARGET = 14.0;
				LD_RUNPATH_SEARCH_PATHS = (
					"$(inherited)",
					"@executable_path/Frameworks",
				);
				PRODUCT_BUNDLE_IDENTIFIER = nellecode.PurePastry;
				PRODUCT_NAME = PurePastry;
				SDKROOT = iphoneos;
				SWIFT_VERSION = 5.0;
				TARGETED_DEVICE_FAMILY = "1,2";
				VALIDATE_PRODUCT = YES;
			};
			name = Release;
		};
		D04504D926BAFB01004150EC /* Debug */ = {
			isa = XCBuildConfiguration;
			buildSettings = {
				ASSETCATALOG_COMPILER_APPICON_NAME = AppIcon;
				ASSETCATALOG_COMPILER_GLOBAL_ACCENT_COLOR_NAME = AccentColor;
				CODE_SIGN_ENTITLEMENTS = macOS/macOS.entitlements;
				CODE_SIGN_STYLE = Automatic;
				COMBINE_HIDPI_IMAGES = YES;
				DEVELOPMENT_TEAM = L237997WPY;
				ENABLE_HARDENED_RUNTIME = YES;
				ENABLE_PREVIEWS = YES;
				INFOPLIST_FILE = macOS/Info.plist;
				LD_RUNPATH_SEARCH_PATHS = (
					"$(inherited)",
					"@executable_path/../Frameworks",
				);
				MACOSX_DEPLOYMENT_TARGET = 11.0;
				PRODUCT_BUNDLE_IDENTIFIER = nellecode.PurePastry;
				PRODUCT_NAME = PurePastry;
				SDKROOT = macosx;
				SWIFT_VERSION = 5.0;
			};
			name = Debug;
		};
		D04504DA26BAFB01004150EC /* Release */ = {
			isa = XCBuildConfiguration;
			buildSettings = {
				ASSETCATALOG_COMPILER_APPICON_NAME = AppIcon;
				ASSETCATALOG_COMPILER_GLOBAL_ACCENT_COLOR_NAME = AccentColor;
				CODE_SIGN_ENTITLEMENTS = macOS/macOS.entitlements;
				CODE_SIGN_STYLE = Automatic;
				COMBINE_HIDPI_IMAGES = YES;
				DEVELOPMENT_TEAM = L237997WPY;
				ENABLE_HARDENED_RUNTIME = YES;
				ENABLE_PREVIEWS = YES;
				INFOPLIST_FILE = macOS/Info.plist;
				LD_RUNPATH_SEARCH_PATHS = (
					"$(inherited)",
					"@executable_path/../Frameworks",
				);
				MACOSX_DEPLOYMENT_TARGET = 11.0;
				PRODUCT_BUNDLE_IDENTIFIER = nellecode.PurePastry;
				PRODUCT_NAME = PurePastry;
				SDKROOT = macosx;
				SWIFT_VERSION = 5.0;
			};
			name = Release;
		};
		D04504DC26BAFB01004150EC /* Debug */ = {
			isa = XCBuildConfiguration;
			buildSettings = {
				ALWAYS_EMBED_SWIFT_STANDARD_LIBRARIES = YES;
				CODE_SIGN_STYLE = Automatic;
				DEVELOPMENT_TEAM = L237997WPY;
				INFOPLIST_FILE = "Tests iOS/Info.plist";
				IPHONEOS_DEPLOYMENT_TARGET = 14.5;
				LD_RUNPATH_SEARCH_PATHS = (
					"$(inherited)",
					"@executable_path/Frameworks",
					"@loader_path/Frameworks",
				);
				PRODUCT_BUNDLE_IDENTIFIER = "nellecode.Tests-iOS";
				PRODUCT_NAME = "$(TARGET_NAME)";
				SDKROOT = iphoneos;
				SWIFT_VERSION = 5.0;
				TARGETED_DEVICE_FAMILY = "1,2";
				TEST_TARGET_NAME = "PurePastry (iOS)";
			};
			name = Debug;
		};
		D04504DD26BAFB01004150EC /* Release */ = {
			isa = XCBuildConfiguration;
			buildSettings = {
				ALWAYS_EMBED_SWIFT_STANDARD_LIBRARIES = YES;
				CODE_SIGN_STYLE = Automatic;
				DEVELOPMENT_TEAM = L237997WPY;
				INFOPLIST_FILE = "Tests iOS/Info.plist";
				IPHONEOS_DEPLOYMENT_TARGET = 14.5;
				LD_RUNPATH_SEARCH_PATHS = (
					"$(inherited)",
					"@executable_path/Frameworks",
					"@loader_path/Frameworks",
				);
				PRODUCT_BUNDLE_IDENTIFIER = "nellecode.Tests-iOS";
				PRODUCT_NAME = "$(TARGET_NAME)";
				SDKROOT = iphoneos;
				SWIFT_VERSION = 5.0;
				TARGETED_DEVICE_FAMILY = "1,2";
				TEST_TARGET_NAME = "PurePastry (iOS)";
				VALIDATE_PRODUCT = YES;
			};
			name = Release;
		};
		D04504DF26BAFB01004150EC /* Debug */ = {
			isa = XCBuildConfiguration;
			buildSettings = {
				ALWAYS_EMBED_SWIFT_STANDARD_LIBRARIES = YES;
				CODE_SIGN_STYLE = Automatic;
				COMBINE_HIDPI_IMAGES = YES;
				DEVELOPMENT_TEAM = L237997WPY;
				INFOPLIST_FILE = "Tests macOS/Info.plist";
				LD_RUNPATH_SEARCH_PATHS = (
					"$(inherited)",
					"@executable_path/../Frameworks",
					"@loader_path/../Frameworks",
				);
				MACOSX_DEPLOYMENT_TARGET = 11.2;
				PRODUCT_BUNDLE_IDENTIFIER = "nellecode.Tests-macOS";
				PRODUCT_NAME = "$(TARGET_NAME)";
				SDKROOT = macosx;
				SWIFT_VERSION = 5.0;
				TEST_TARGET_NAME = "PurePastry (macOS)";
			};
			name = Debug;
		};
		D04504E026BAFB01004150EC /* Release */ = {
			isa = XCBuildConfiguration;
			buildSettings = {
				ALWAYS_EMBED_SWIFT_STANDARD_LIBRARIES = YES;
				CODE_SIGN_STYLE = Automatic;
				COMBINE_HIDPI_IMAGES = YES;
				DEVELOPMENT_TEAM = L237997WPY;
				INFOPLIST_FILE = "Tests macOS/Info.plist";
				LD_RUNPATH_SEARCH_PATHS = (
					"$(inherited)",
					"@executable_path/../Frameworks",
					"@loader_path/../Frameworks",
				);
				MACOSX_DEPLOYMENT_TARGET = 11.2;
				PRODUCT_BUNDLE_IDENTIFIER = "nellecode.Tests-macOS";
				PRODUCT_NAME = "$(TARGET_NAME)";
				SDKROOT = macosx;
				SWIFT_VERSION = 5.0;
				TEST_TARGET_NAME = "PurePastry (macOS)";
			};
			name = Release;
		};
/* End XCBuildConfiguration section */

/* Begin XCConfigurationList section */
		D04504A226BAFAFF004150EC /* Build configuration list for PBXProject "PurePastry" */ = {
			isa = XCConfigurationList;
			buildConfigurations = (
				D04504D326BAFB01004150EC /* Debug */,
				D04504D426BAFB01004150EC /* Release */,
			);
			defaultConfigurationIsVisible = 0;
			defaultConfigurationName = Release;
		};
		D04504D526BAFB01004150EC /* Build configuration list for PBXNativeTarget "PurePastry (iOS)" */ = {
			isa = XCConfigurationList;
			buildConfigurations = (
				D04504D626BAFB01004150EC /* Debug */,
				D04504D726BAFB01004150EC /* Release */,
			);
			defaultConfigurationIsVisible = 0;
			defaultConfigurationName = Release;
		};
		D04504D826BAFB01004150EC /* Build configuration list for PBXNativeTarget "PurePastry (macOS)" */ = {
			isa = XCConfigurationList;
			buildConfigurations = (
				D04504D926BAFB01004150EC /* Debug */,
				D04504DA26BAFB01004150EC /* Release */,
			);
			defaultConfigurationIsVisible = 0;
			defaultConfigurationName = Release;
		};
		D04504DB26BAFB01004150EC /* Build configuration list for PBXNativeTarget "Tests iOS" */ = {
			isa = XCConfigurationList;
			buildConfigurations = (
				D04504DC26BAFB01004150EC /* Debug */,
				D04504DD26BAFB01004150EC /* Release */,
			);
			defaultConfigurationIsVisible = 0;
			defaultConfigurationName = Release;
		};
		D04504DE26BAFB01004150EC /* Build configuration list for PBXNativeTarget "Tests macOS" */ = {
			isa = XCConfigurationList;
			buildConfigurations = (
				D04504DF26BAFB01004150EC /* Debug */,
				D04504E026BAFB01004150EC /* Release */,
			);
			defaultConfigurationIsVisible = 0;
			defaultConfigurationName = Release;
		};
/* End XCConfigurationList section */
	};
	rootObject = D045049F26BAFAFF004150EC /* Project object */;
}
